
Microsoft Visual Studio Solution File, Format Version 12.00
# Visual Studio Version 17
VisualStudioVersion = 17.14.36414.22 d17.14
MinimumVisualStudioVersion = 10.0.40219.1
Project("{2150E333-8FDC-42A3-9474-1A3956D46DE8}") = "task0", "task0", "{36D591C7-65C7-A0D1-1CBC-10CDE441BDC8}"
EndProject
Project("{FAE04EC0-301F-11D3-BF4B-00C04F79EFBC}") = "Tyuiu.KolosovAA.Sprint4.Task0.V12", "Tyuiu.KolosovAA.Sprint4.Task0.V12\Tyuiu.KolosovAA.Sprint4.Task0.V12.csproj", "{6F73B779-22C9-4EDD-8585-A32DB4DFA5C4}"
EndProject
Project("{FAE04EC0-301F-11D3-BF4B-00C04F79EFBC}") = "Tyuiu.KolosovAA.Sprint4.Task0.V12.Lib", "Tyuiu.KolosovAA.Sprint4.Task0.V12.Lib\Tyuiu.KolosovAA.Sprint4.Task0.V12.Lib.csproj", "{06ECFEAC-AC56-41B5-B974-4CBCD7D600FA}"
EndProject
Project("{FAE04EC0-301F-11D3-BF4B-00C04F79EFBC}") = "Tyuiu.KolosovAA.Sprint4.Task0.V12.Test", "Tyuiu.KolosovAA.Sprint4.Task0.V12.Test\Tyuiu.KolosovAA.Sprint4.Task0.V12.Test.csproj", "{BB933A82-6B2B-4AEE-9522-CB02B0770F8D}"
EndProject
Project("{2150E333-8FDC-42A3-9474-1A3956D46DE8}") = "task1", "task1", "{8ABF0274-E114-4B14-8135-ABC0D34A32F4}"
EndProject
Project("{FAE04EC0-301F-11D3-BF4B-00C04F79EFBC}") = "Tyuiu.KolosovAA.Sprint4.Task1.V27", "Tyuiu.KolosovAA.Sprint4.Task1.V27\Tyuiu.KolosovAA.Sprint4.Task1.V27.csproj", "{1137742E-E26F-4BA9-8428-D005F71BC342}"
EndProject
Project("{FAE04EC0-301F-11D3-BF4B-00C04F79EFBC}") = "Tyuiu.KolosovAA.Sprint4.Task1.V27.Test", "Tyuiu.KolosovAA.Sprint4.Task1.V27.Test\Tyuiu.KolosovAA.Sprint4.Task1.V27.Test.csproj", "{45DEAA3A-8E81-4FEF-9D24-F014D23EA4C3}"
EndProject
Project("{FAE04EC0-301F-11D3-BF4B-00C04F79EFBC}") = "Tyuiu.KolosovAA.Sprint4.Task1.V27.Lib", "Tyuiu.KolosovAA.Sprint4.Task1.V27.Lib\Tyuiu.KolosovAA.Sprint4.Task1.V27.Lib.csproj", "{350558B7-48FE-4106-8FB3-677E6ECB2E27}"
EndProject
Project("{2150E333-8FDC-42A3-9474-1A3956D46DE8}") = "task2", "task2", "{E329EF7D-9331-483E-B3C9-D2A32900B4B2}"
EndProject
Project("{FAE04EC0-301F-11D3-BF4B-00C04F79EFBC}") = "Tyuiu.KolosovAA.Sprint4.Task2.V4", "Tyuiu.KolosovAA.Sprint4.Task2.V4\Tyuiu.KolosovAA.Sprint4.Task2.V4.csproj", "{1C36C5D4-9D2D-430B-9EC2-5EB1C0B1534B}"
EndProject
Project("{FAE04EC0-301F-11D3-BF4B-00C04F79EFBC}") = "Tyuiu.KolosovAA.Sprint4.Task2.V4.Test", "Tyuiu.KolosovAA.Sprint4.Task2.V4.Test\Tyuiu.KolosovAA.Sprint4.Task2.V4.Test.csproj", "{952FCBAC-47A6-41C0-BF3B-CAFBA11EDDA4}"
EndProject
Project("{FAE04EC0-301F-11D3-BF4B-00C04F79EFBC}") = "Tyuiu.KolosovAA.Sprint4.Task2.V4.Lib", "Tyuiu.KolosovAA.Sprint4.Task2.V4.Lib\Tyuiu.KolosovAA.Sprint4.Task2.V4.Lib.csproj", "{BF697734-8B85-4934-81F8-49EE8FFB3443}"
EndProject
Project("{2150E333-8FDC-42A3-9474-1A3956D46DE8}") = "task3", "task3", "{5FE0D3EF-28CA-4692-B326-09C29D5703F2}"
EndProject
Project("{FAE04EC0-301F-11D3-BF4B-00C04F79EFBC}") = "Tyuiu.KolosovAA.Sprint4.Task3.V20", "Tyuiu.KolosovAA.Sprint4.Task3.V20\Tyuiu.KolosovAA.Sprint4.Task3.V20.csproj", "{614B2AA7-3C5A-4137-A0B8-EFE8FE0F126E}"
EndProject
Project("{FAE04EC0-301F-11D3-BF4B-00C04F79EFBC}") = "Tyuiu.KolosovAA.Sprint4.Task3.V20.Lib", "Tyuiu.KolosovAA.Sprint4.Task3.V20.Lib\Tyuiu.KolosovAA.Sprint4.Task3.V20.Lib.csproj", "{02B0E050-1CC3-42AF-B4C7-9FC65C1AAE08}"
EndProject
Project("{FAE04EC0-301F-11D3-BF4B-00C04F79EFBC}") = "Tyuiu.KolosovAA.Sprint4.Task3.V20.Test", "Tyuiu.KolosovAA.Sprint4.Task3.V20.Test\Tyuiu.KolosovAA.Sprint4.Task3.V20.Test.csproj", "{161F8E61-ACF8-4DFF-BA78-486C0EC05713}"
EndProject
Project("{2150E333-8FDC-42A3-9474-1A3956D46DE8}") = "task4", "task4", "{06987BB9-4893-4F6A-B03B-4058A2CE8250}"
EndProject
Project("{FAE04EC0-301F-11D3-BF4B-00C04F79EFBC}") = "Tyuiu.KolosovAA.Sprint4.Task4.V10", "Tyuiu.KolosovAA.Sprint4.Task4.V10\Tyuiu.KolosovAA.Sprint4.Task4.V10.csproj", "{E3DEF647-AB8A-439B-AE60-DD45E545E5AD}"
EndProject
Project("{FAE04EC0-301F-11D3-BF4B-00C04F79EFBC}") = "Tyuiu.KolosovAA.Sprint4.Task4.V10.Lib", "Tyuiu.KolosovAA.Sprint4.Task4.V10.Lib\Tyuiu.KolosovAA.Sprint4.Task4.V10.Lib.csproj", "{3F4A9BD2-5E39-4D91-9C66-CE318F510590}"
EndProject
Project("{FAE04EC0-301F-11D3-BF4B-00C04F79EFBC}") = "Tyuiu.KolosovAA.Sprint4.Task4.V10.Test", "Tyuiu.KolosovAA.Sprint4.Task4.V10.Test\Tyuiu.KolosovAA.Sprint4.Task4.V10.Test.csproj", "{224D37D3-35C4-4288-B857-CB3343F179AF}"
EndProject
Global
	GlobalSection(SolutionConfigurationPlatforms) = preSolution
		Debug|Any CPU = Debug|Any CPU
		Release|Any CPU = Release|Any CPU
	EndGlobalSection
	GlobalSection(ProjectConfigurationPlatforms) = postSolution
		{6F73B779-22C9-4EDD-8585-A32DB4DFA5C4}.Debug|Any CPU.ActiveCfg = Debug|Any CPU
		{6F73B779-22C9-4EDD-8585-A32DB4DFA5C4}.Debug|Any CPU.Build.0 = Debug|Any CPU
		{6F73B779-22C9-4EDD-8585-A32DB4DFA5C4}.Release|Any CPU.ActiveCfg = Release|Any CPU
		{6F73B779-22C9-4EDD-8585-A32DB4DFA5C4}.Release|Any CPU.Build.0 = Release|Any CPU
		{06ECFEAC-AC56-41B5-B974-4CBCD7D600FA}.Debug|Any CPU.ActiveCfg = Debug|Any CPU
		{06ECFEAC-AC56-41B5-B974-4CBCD7D600FA}.Debug|Any CPU.Build.0 = Debug|Any CPU
		{06ECFEAC-AC56-41B5-B974-4CBCD7D600FA}.Release|Any CPU.ActiveCfg = Release|Any CPU
		{06ECFEAC-AC56-41B5-B974-4CBCD7D600FA}.Release|Any CPU.Build.0 = Release|Any CPU
		{BB933A82-6B2B-4AEE-9522-CB02B0770F8D}.Debug|Any CPU.ActiveCfg = Debug|Any CPU
		{BB933A82-6B2B-4AEE-9522-CB02B0770F8D}.Debug|Any CPU.Build.0 = Debug|Any CPU
		{BB933A82-6B2B-4AEE-9522-CB02B0770F8D}.Release|Any CPU.ActiveCfg = Release|Any CPU
		{BB933A82-6B2B-4AEE-9522-CB02B0770F8D}.Release|Any CPU.Build.0 = Release|Any CPU
		{1137742E-E26F-4BA9-8428-D005F71BC342}.Debug|Any CPU.ActiveCfg = Debug|Any CPU
		{1137742E-E26F-4BA9-8428-D005F71BC342}.Debug|Any CPU.Build.0 = Debug|Any CPU
		{1137742E-E26F-4BA9-8428-D005F71BC342}.Release|Any CPU.ActiveCfg = Release|Any CPU
		{1137742E-E26F-4BA9-8428-D005F71BC342}.Release|Any CPU.Build.0 = Release|Any CPU
		{45DEAA3A-8E81-4FEF-9D24-F014D23EA4C3}.Debug|Any CPU.ActiveCfg = Debug|Any CPU
		{45DEAA3A-8E81-4FEF-9D24-F014D23EA4C3}.Debug|Any CPU.Build.0 = Debug|Any CPU
		{45DEAA3A-8E81-4FEF-9D24-F014D23EA4C3}.Release|Any CPU.ActiveCfg = Release|Any CPU
		{45DEAA3A-8E81-4FEF-9D24-F014D23EA4C3}.Release|Any CPU.Build.0 = Release|Any CPU
		{350558B7-48FE-4106-8FB3-677E6ECB2E27}.Debug|Any CPU.ActiveCfg = Debug|Any CPU
		{350558B7-48FE-4106-8FB3-677E6ECB2E27}.Debug|Any CPU.Build.0 = Debug|Any CPU
		{350558B7-48FE-4106-8FB3-677E6ECB2E27}.Release|Any CPU.ActiveCfg = Release|Any CPU
		{350558B7-48FE-4106-8FB3-677E6ECB2E27}.Release|Any CPU.Build.0 = Release|Any CPU
		{1C36C5D4-9D2D-430B-9EC2-5EB1C0B1534B}.Debug|Any CPU.ActiveCfg = Debug|Any CPU
		{1C36C5D4-9D2D-430B-9EC2-5EB1C0B1534B}.Debug|Any CPU.Build.0 = Debug|Any CPU
		{1C36C5D4-9D2D-430B-9EC2-5EB1C0B1534B}.Release|Any CPU.ActiveCfg = Release|Any CPU
		{1C36C5D4-9D2D-430B-9EC2-5EB1C0B1534B}.Release|Any CPU.Build.0 = Release|Any CPU
		{952FCBAC-47A6-41C0-BF3B-CAFBA11EDDA4}.Debug|Any CPU.ActiveCfg = Debug|Any CPU
		{952FCBAC-47A6-41C0-BF3B-CAFBA11EDDA4}.Debug|Any CPU.Build.0 = Debug|Any CPU
		{952FCBAC-47A6-41C0-BF3B-CAFBA11EDDA4}.Release|Any CPU.ActiveCfg = Release|Any CPU
		{952FCBAC-47A6-41C0-BF3B-CAFBA11EDDA4}.Release|Any CPU.Build.0 = Release|Any CPU
		{BF697734-8B85-4934-81F8-49EE8FFB3443}.Debug|Any CPU.ActiveCfg = Debug|Any CPU
		{BF697734-8B85-4934-81F8-49EE8FFB3443}.Debug|Any CPU.Build.0 = Debug|Any CPU
		{BF697734-8B85-4934-81F8-49EE8FFB3443}.Release|Any CPU.ActiveCfg = Release|Any CPU
		{BF697734-8B85-4934-81F8-49EE8FFB3443}.Release|Any CPU.Build.0 = Release|Any CPU
		{614B2AA7-3C5A-4137-A0B8-EFE8FE0F126E}.Debug|Any CPU.ActiveCfg = Debug|Any CPU
		{614B2AA7-3C5A-4137-A0B8-EFE8FE0F126E}.Debug|Any CPU.Build.0 = Debug|Any CPU
		{614B2AA7-3C5A-4137-A0B8-EFE8FE0F126E}.Release|Any CPU.ActiveCfg = Release|Any CPU
		{614B2AA7-3C5A-4137-A0B8-EFE8FE0F126E}.Release|Any CPU.Build.0 = Release|Any CPU
		{02B0E050-1CC3-42AF-B4C7-9FC65C1AAE08}.Debug|Any CPU.ActiveCfg = Debug|Any CPU
		{02B0E050-1CC3-42AF-B4C7-9FC65C1AAE08}.Debug|Any CPU.Build.0 = Debug|Any CPU
		{02B0E050-1CC3-42AF-B4C7-9FC65C1AAE08}.Release|Any CPU.ActiveCfg = Release|Any CPU
		{02B0E050-1CC3-42AF-B4C7-9FC65C1AAE08}.Release|Any CPU.Build.0 = Release|Any CPU
		{161F8E61-ACF8-4DFF-BA78-486C0EC05713}.Debug|Any CPU.ActiveCfg = Debug|Any CPU
		{161F8E61-ACF8-4DFF-BA78-486C0EC05713}.Debug|Any CPU.Build.0 = Debug|Any CPU
		{161F8E61-ACF8-4DFF-BA78-486C0EC05713}.Release|Any CPU.ActiveCfg = Release|Any CPU
		{161F8E61-ACF8-4DFF-BA78-486C0EC05713}.Release|Any CPU.Build.0 = Release|Any CPU
		{E3DEF647-AB8A-439B-AE60-DD45E545E5AD}.Debug|Any CPU.ActiveCfg = Debug|Any CPU
		{E3DEF647-AB8A-439B-AE60-DD45E545E5AD}.Debug|Any CPU.Build.0 = Debug|Any CPU
		{E3DEF647-AB8A-439B-AE60-DD45E545E5AD}.Release|Any CPU.ActiveCfg = Release|Any CPU
		{E3DEF647-AB8A-439B-AE60-DD45E545E5AD}.Release|Any CPU.Build.0 = Release|Any CPU
		{3F4A9BD2-5E39-4D91-9C66-CE318F510590}.Debug|Any CPU.ActiveCfg = Debug|Any CPU
		{3F4A9BD2-5E39-4D91-9C66-CE318F510590}.Debug|Any CPU.Build.0 = Debug|Any CPU
		{3F4A9BD2-5E39-4D91-9C66-CE318F510590}.Release|Any CPU.ActiveCfg = Release|Any CPU
		{3F4A9BD2-5E39-4D91-9C66-CE318F510590}.Release|Any CPU.Build.0 = Release|Any CPU
		{224D37D3-35C4-4288-B857-CB3343F179AF}.Debug|Any CPU.ActiveCfg = Debug|Any CPU
		{224D37D3-35C4-4288-B857-CB3343F179AF}.Debug|Any CPU.Build.0 = Debug|Any CPU
		{224D37D3-35C4-4288-B857-CB3343F179AF}.Release|Any CPU.ActiveCfg = Release|Any CPU
		{224D37D3-35C4-4288-B857-CB3343F179AF}.Release|Any CPU.Build.0 = Release|Any CPU
	EndGlobalSection
	GlobalSection(SolutionProperties) = preSolution
		HideSolutionNode = FALSE
	EndGlobalSection
	GlobalSection(NestedProjects) = preSolution
		{6F73B779-22C9-4EDD-8585-A32DB4DFA5C4} = {36D591C7-65C7-A0D1-1CBC-10CDE441BDC8}
		{06ECFEAC-AC56-41B5-B974-4CBCD7D600FA} = {36D591C7-65C7-A0D1-1CBC-10CDE441BDC8}
		{BB933A82-6B2B-4AEE-9522-CB02B0770F8D} = {36D591C7-65C7-A0D1-1CBC-10CDE441BDC8}
		{1137742E-E26F-4BA9-8428-D005F71BC342} = {8ABF0274-E114-4B14-8135-ABC0D34A32F4}
		{45DEAA3A-8E81-4FEF-9D24-F014D23EA4C3} = {8ABF0274-E114-4B14-8135-ABC0D34A32F4}
		{350558B7-48FE-4106-8FB3-677E6ECB2E27} = {8ABF0274-E114-4B14-8135-ABC0D34A32F4}
		{1C36C5D4-9D2D-430B-9EC2-5EB1C0B1534B} = {E329EF7D-9331-483E-B3C9-D2A32900B4B2}
		{952FCBAC-47A6-41C0-BF3B-CAFBA11EDDA4} = {E329EF7D-9331-483E-B3C9-D2A32900B4B2}
		{BF697734-8B85-4934-81F8-49EE8FFB3443} = {E329EF7D-9331-483E-B3C9-D2A32900B4B2}
		{614B2AA7-3C5A-4137-A0B8-EFE8FE0F126E} = {5FE0D3EF-28CA-4692-B326-09C29D5703F2}
		{02B0E050-1CC3-42AF-B4C7-9FC65C1AAE08} = {5FE0D3EF-28CA-4692-B326-09C29D5703F2}
		{161F8E61-ACF8-4DFF-BA78-486C0EC05713} = {5FE0D3EF-28CA-4692-B326-09C29D5703F2}
		{E3DEF647-AB8A-439B-AE60-DD45E545E5AD} = {06987BB9-4893-4F6A-B03B-4058A2CE8250}
		{3F4A9BD2-5E39-4D91-9C66-CE318F510590} = {06987BB9-4893-4F6A-B03B-4058A2CE8250}
		{224D37D3-35C4-4288-B857-CB3343F179AF} = {06987BB9-4893-4F6A-B03B-4058A2CE8250}
	EndGlobalSection
	GlobalSection(ExtensibilityGlobals) = postSolution
		SolutionGuid = {915E95A2-D433-44B9-B9EF-08693852828F}
	EndGlobalSection
EndGlobal
